// !$*UTF8*$!
{
	archiveVersion = 1;
	classes = {
	};
	objectVersion = 48;
	objects = {

/* Begin PBXBuildFile section */
		ADD93FA4206C97A00080C1BD /* AppDelegate.swift in Sources */ = {isa = PBXBuildFile; fileRef = ADD93FA3206C97A00080C1BD /* AppDelegate.swift */; };
		ADD93FA6206C97A00080C1BD /* ViewController.swift in Sources */ = {isa = PBXBuildFile; fileRef = ADD93FA5206C97A00080C1BD /* ViewController.swift */; };
		ADD93FA9206C97A00080C1BD /* Main.storyboard in Resources */ = {isa = PBXBuildFile; fileRef = ADD93FA7206C97A00080C1BD /* Main.storyboard */; };
		ADD93FAB206C97A00080C1BD /* Assets.xcassets in Resources */ = {isa = PBXBuildFile; fileRef = ADD93FAA206C97A00080C1BD /* Assets.xcassets */; };
		ADD93FAE206C97A00080C1BD /* LaunchScreen.storyboard in Resources */ = {isa = PBXBuildFile; fileRef = ADD93FAC206C97A00080C1BD /* LaunchScreen.storyboard */; };
		ADD93FB7206CE3550080C1BD /* ApiManager.swift in Sources */ = {isa = PBXBuildFile; fileRef = ADD93FB6206CE3550080C1BD /* ApiManager.swift */; };
		ADD93FBA206CE3960080C1BD /* config.swift in Sources */ = {isa = PBXBuildFile; fileRef = ADD93FB9206CE3960080C1BD /* config.swift */; };
		ADD93FBD206CE3EF0080C1BD /* Spot.swift in Sources */ = {isa = PBXBuildFile; fileRef = ADD93FBC206CE3EF0080C1BD /* Spot.swift */; };
		ADD93FC3206CE63E0080C1BD /* SpotTableViewCell.swift in Sources */ = {isa = PBXBuildFile; fileRef = ADD93FC1206CE63E0080C1BD /* SpotTableViewCell.swift */; };
		ADD93FC4206CE63E0080C1BD /* SpotTableViewCell.xib in Resources */ = {isa = PBXBuildFile; fileRef = ADD93FC2206CE63E0080C1BD /* SpotTableViewCell.xib */; };
		ADD93FC6206CE8040080C1BD /* SpotViewController.swift in Sources */ = {isa = PBXBuildFile; fileRef = ADD93FC5206CE8040080C1BD /* SpotViewController.swift */; };
		ADD93FC8206CE82D0080C1BD /* SpotViewModel.swift in Sources */ = {isa = PBXBuildFile; fileRef = ADD93FC7206CE82D0080C1BD /* SpotViewModel.swift */; };
/* End PBXBuildFile section */

/* Begin PBXFileReference section */
		ADD93FA0206C97A00080C1BD /* iOSAppPractice.app */ = {isa = PBXFileReference; explicitFileType = wrapper.application; includeInIndex = 0; path = iOSAppPractice.app; sourceTree = BUILT_PRODUCTS_DIR; };
		ADD93FA3206C97A00080C1BD /* AppDelegate.swift */ = {isa = PBXFileReference; lastKnownFileType = sourcecode.swift; path = AppDelegate.swift; sourceTree = "<group>"; };
		ADD93FA5206C97A00080C1BD /* ViewController.swift */ = {isa = PBXFileReference; lastKnownFileType = sourcecode.swift; path = ViewController.swift; sourceTree = "<group>"; };
		ADD93FA8206C97A00080C1BD /* Base */ = {isa = PBXFileReference; lastKnownFileType = file.storyboard; name = Base; path = Base.lproj/Main.storyboard; sourceTree = "<group>"; };
		ADD93FAA206C97A00080C1BD /* Assets.xcassets */ = {isa = PBXFileReference; lastKnownFileType = folder.assetcatalog; path = Assets.xcassets; sourceTree = "<group>"; };
		ADD93FAD206C97A00080C1BD /* Base */ = {isa = PBXFileReference; lastKnownFileType = file.storyboard; name = Base; path = Base.lproj/LaunchScreen.storyboard; sourceTree = "<group>"; };
		ADD93FAF206C97A00080C1BD /* Info.plist */ = {isa = PBXFileReference; lastKnownFileType = text.plist.xml; path = Info.plist; sourceTree = "<group>"; };
		ADD93FB6206CE3550080C1BD /* ApiManager.swift */ = {isa = PBXFileReference; lastKnownFileType = sourcecode.swift; path = ApiManager.swift; sourceTree = "<group>"; };
		ADD93FB9206CE3960080C1BD /* config.swift */ = {isa = PBXFileReference; lastKnownFileType = sourcecode.swift; path = config.swift; sourceTree = "<group>"; };
		ADD93FBC206CE3EF0080C1BD /* Spot.swift */ = {isa = PBXFileReference; lastKnownFileType = sourcecode.swift; path = Spot.swift; sourceTree = "<group>"; };
		ADD93FC1206CE63E0080C1BD /* SpotTableViewCell.swift */ = {isa = PBXFileReference; lastKnownFileType = sourcecode.swift; path = SpotTableViewCell.swift; sourceTree = "<group>"; };
		ADD93FC2206CE63E0080C1BD /* SpotTableViewCell.xib */ = {isa = PBXFileReference; lastKnownFileType = file.xib; path = SpotTableViewCell.xib; sourceTree = "<group>"; };
		ADD93FC5206CE8040080C1BD /* SpotViewController.swift */ = {isa = PBXFileReference; lastKnownFileType = sourcecode.swift; path = SpotViewController.swift; sourceTree = "<group>"; };
		ADD93FC7206CE82D0080C1BD /* SpotViewModel.swift */ = {isa = PBXFileReference; lastKnownFileType = sourcecode.swift; path = SpotViewModel.swift; sourceTree = "<group>"; };
/* End PBXFileReference section */

/* Begin PBXFrameworksBuildPhase section */
		ADD93F9D206C97A00080C1BD /* Frameworks */ = {
			isa = PBXFrameworksBuildPhase;
			buildActionMask = 2147483647;
			files = (
			);
			runOnlyForDeploymentPostprocessing = 0;
		};
/* End PBXFrameworksBuildPhase section */

/* Begin PBXGroup section */
		ADD93F97206C97A00080C1BD = {
			isa = PBXGroup;
			children = (
				ADD93FA2206C97A00080C1BD /* iOSAppPractice */,
				ADD93FA1206C97A00080C1BD /* Products */,
			);
			sourceTree = "<group>";
		};
		ADD93FA1206C97A00080C1BD /* Products */ = {
			isa = PBXGroup;
			children = (
				ADD93FA0206C97A00080C1BD /* iOSAppPractice.app */,
			);
			name = Products;
			sourceTree = "<group>";
		};
		ADD93FA2206C97A00080C1BD /* iOSAppPractice */ = {
			isa = PBXGroup;
			children = (
				ADD93FBB206CE3D50080C1BD /* logic */,
				ADD93FB5206CE3320080C1BD /* service */,
				ADD93FBE206CE5ED0080C1BD /* interface */,
				ADD93FB8206CE3810080C1BD /* util */,
				ADD93FA3206C97A00080C1BD /* AppDelegate.swift */,
				ADD93FA5206C97A00080C1BD /* ViewController.swift */,
				ADD93FA7206C97A00080C1BD /* Main.storyboard */,
				ADD93FAA206C97A00080C1BD /* Assets.xcassets */,
				ADD93FAC206C97A00080C1BD /* LaunchScreen.storyboard */,
				ADD93FAF206C97A00080C1BD /* Info.plist */,
			);
			path = iOSAppPractice;
			sourceTree = "<group>";
		};
		ADD93FB5206CE3320080C1BD /* service */ = {
			isa = PBXGroup;
			children = (
				ADD93FB6206CE3550080C1BD /* ApiManager.swift */,
			);
			path = service;
			sourceTree = "<group>";
		};
		ADD93FB8206CE3810080C1BD /* util */ = {
			isa = PBXGroup;
			children = (
				ADD93FB9206CE3960080C1BD /* config.swift */,
			);
			path = util;
			sourceTree = "<group>";
		};
		ADD93FBB206CE3D50080C1BD /* logic */ = {
			isa = PBXGroup;
			children = (
				ADD93FBC206CE3EF0080C1BD /* Spot.swift */,
			);
			path = logic;
			sourceTree = "<group>";
		};
		ADD93FBE206CE5ED0080C1BD /* interface */ = {
			isa = PBXGroup;
			children = (
				ADD93FC1206CE63E0080C1BD /* SpotTableViewCell.swift */,
				ADD93FC2206CE63E0080C1BD /* SpotTableViewCell.xib */,
				ADD93FC5206CE8040080C1BD /* SpotViewController.swift */,
				ADD93FC7206CE82D0080C1BD /* SpotViewModel.swift */,
			);
			path = interface;
			sourceTree = "<group>";
		};
/* End PBXGroup section */

/* Begin PBXNativeTarget section */
		ADD93F9F206C97A00080C1BD /* iOSAppPractice */ = {
			isa = PBXNativeTarget;
			buildConfigurationList = ADD93FB2206C97A00080C1BD /* Build configuration list for PBXNativeTarget "iOSAppPractice" */;
			buildPhases = (
				ADD93F9C206C97A00080C1BD /* Sources */,
				ADD93F9D206C97A00080C1BD /* Frameworks */,
				ADD93F9E206C97A00080C1BD /* Resources */,
			);
			buildRules = (
			);
			dependencies = (
			);
			name = iOSAppPractice;
			productName = iOSAppPractice;
			productReference = ADD93FA0206C97A00080C1BD /* iOSAppPractice.app */;
			productType = "com.apple.product-type.application";
		};
/* End PBXNativeTarget section */

/* Begin PBXProject section */
		ADD93F98206C97A00080C1BD /* Project object */ = {
			isa = PBXProject;
			attributes = {
				LastSwiftUpdateCheck = 0920;
				LastUpgradeCheck = 0920;
				ORGANIZATIONNAME = Carter;
				TargetAttributes = {
					ADD93F9F206C97A00080C1BD = {
						CreatedOnToolsVersion = 9.2;
						ProvisioningStyle = Automatic;
					};
				};
			};
			buildConfigurationList = ADD93F9B206C97A00080C1BD /* Build configuration list for PBXProject "iOSAppPractice" */;
			compatibilityVersion = "Xcode 8.0";
			developmentRegion = en;
			hasScannedForEncodings = 0;
			knownRegions = (
				en,
				Base,
			);
			mainGroup = ADD93F97206C97A00080C1BD;
			productRefGroup = ADD93FA1206C97A00080C1BD /* Products */;
			projectDirPath = "";
			projectRoot = "";
			targets = (
				ADD93F9F206C97A00080C1BD /* iOSAppPractice */,
			);
		};
/* End PBXProject section */

/* Begin PBXResourcesBuildPhase section */
		ADD93F9E206C97A00080C1BD /* Resources */ = {
			isa = PBXResourcesBuildPhase;
			buildActionMask = 2147483647;
			files = (
				ADD93FAE206C97A00080C1BD /* LaunchScreen.storyboard in Resources */,
				ADD93FAB206C97A00080C1BD /* Assets.xcassets in Resources */,
				ADD93FA9206C97A00080C1BD /* Main.storyboard in Resources */,
				ADD93FC4206CE63E0080C1BD /* SpotTableViewCell.xib in Resources */,
			);
			runOnlyForDeploymentPostprocessing = 0;
		};
/* End PBXResourcesBuildPhase section */

/* Begin PBXSourcesBuildPhase section */
		ADD93F9C206C97A00080C1BD /* Sources */ = {
			isa = PBXSourcesBuildPhase;
			buildActionMask = 2147483647;
			files = (
				ADD93FC8206CE82D0080C1BD /* SpotViewModel.swift in Sources */,
				ADD93FA6206C97A00080C1BD /* ViewController.swift in Sources */,
				ADD93FBA206CE3960080C1BD /* config.swift in Sources */,
				ADD93FBD206CE3EF0080C1BD /* Spot.swift in Sources */,
				ADD93FC3206CE63E0080C1BD /* SpotTableViewCell.swift in Sources */,
				ADD93FB7206CE3550080C1BD /* ApiManager.swift in Sources */,
				ADD93FA4206C97A00080C1BD /* AppDelegate.swift in Sources */,
				ADD93FC6206CE8040080C1BD /* SpotViewController.swift in Sources */,
			);
			runOnlyForDeploymentPostprocessing = 0;
		};
/* End PBXSourcesBuildPhase section */

/* Begin PBXVariantGroup section */
		ADD93FA7206C97A00080C1BD /* Main.storyboard */ = {
			isa = PBXVariantGroup;
			children = (
				ADD93FA8206C97A00080C1BD /* Base */,
			);
			name = Main.storyboard;
			sourceTree = "<group>";
		};
		ADD93FAC206C97A00080C1BD /* LaunchScreen.storyboard */ = {
			isa = PBXVariantGroup;
			children = (
				ADD93FAD206C97A00080C1BD /* Base */,
			);
			name = LaunchScreen.storyboard;
			sourceTree = "<group>";
		};
/* End PBXVariantGroup section */

/* Begin XCBuildConfiguration section */
		ADD93FB0206C97A00080C1BD /* Debug */ = {
			isa = XCBuildConfiguration;
			buildSettings = {
				ALWAYS_SEARCH_USER_PATHS = NO;
				CLANG_ANALYZER_NONNULL = YES;
				CLANG_ANALYZER_NUMBER_OBJECT_CONVERSION = YES_AGGRESSIVE;
				CLANG_CXX_LANGUAGE_STANDARD = "gnu++14";
				CLANG_CXX_LIBRARY = "libc++";
				CLANG_ENABLE_MODULES = YES;
				CLANG_ENABLE_OBJC_ARC = YES;
				CLANG_WARN_BLOCK_CAPTURE_AUTORELEASING = YES;
				CLANG_WARN_BOOL_CONVERSION = YES;
				CLANG_WARN_COMMA = YES;
				CLANG_WARN_CONSTANT_CONVERSION = YES;
				CLANG_WARN_DIRECT_OBJC_ISA_USAGE = YES_ERROR;
				CLANG_WARN_DOCUMENTATION_COMMENTS = YES;
				CLANG_WARN_EMPTY_BODY = YES;
				CLANG_WARN_ENUM_CONVERSION = YES;
				CLANG_WARN_INFINITE_RECURSION = YES;
				CLANG_WARN_INT_CONVERSION = YES;
				CLANG_WARN_NON_LITERAL_NULL_CONVERSION = YES;
				CLANG_WARN_OBJC_LITERAL_CONVERSION = YES;
				CLANG_WARN_OBJC_ROOT_CLASS = YES_ERROR;
				CLANG_WARN_RANGE_LOOP_ANALYSIS = YES;
				CLANG_WARN_STRICT_PROTOTYPES = YES;
				CLANG_WARN_SUSPICIOUS_MOVE = YES;
				CLANG_WARN_UNGUARDED_AVAILABILITY = YES_AGGRESSIVE;
				CLANG_WARN_UNREACHABLE_CODE = YES;
				CLANG_WARN__DUPLICATE_METHOD_MATCH = YES;
				CODE_SIGN_IDENTITY = "iPhone Developer";
				COPY_PHASE_STRIP = NO;
				DEBUG_INFORMATION_FORMAT = dwarf;
				ENABLE_STRICT_OBJC_MSGSEND = YES;
				ENABLE_TESTABILITY = YES;
				GCC_C_LANGUAGE_STANDARD = gnu11;
				GCC_DYNAMIC_NO_PIC = NO;
				GCC_NO_COMMON_BLOCKS = YES;
				GCC_OPTIMIZATION_LEVEL = 0;
				GCC_PREPROCESSOR_DEFINITIONS = (
					"DEBUG=1",
					"$(inherited)",
				);
				GCC_WARN_64_TO_32_BIT_CONVERSION = YES;
				GCC_WARN_ABOUT_RETURN_TYPE = YES_ERROR;
				GCC_WARN_UNDECLARED_SELECTOR = YES;
				GCC_WARN_UNINITIALIZED_AUTOS = YES_AGGRESSIVE;
				GCC_WARN_UNUSED_FUNCTION = YES;
				GCC_WARN_UNUSED_VARIABLE = YES;
				IPHONEOS_DEPLOYMENT_TARGET = 11.2;
				MTL_ENABLE_DEBUG_INFO = YES;
				ONLY_ACTIVE_ARCH = YES;
				SDKROOT = iphoneos;
				SWIFT_ACTIVE_COMPILATION_CONDITIONS = DEBUG;
				SWIFT_OPTIMIZATION_LEVEL = "-Onone";
			};
			name = Debug;
		};
		ADD93FB1206C97A00080C1BD /* Release */ = {
			isa = XCBuildConfiguration;
			buildSettings = {
				ALWAYS_SEARCH_USER_PATHS = NO;
				CLANG_ANALYZER_NONNULL = YES;
				CLANG_ANALYZER_NUMBER_OBJECT_CONVERSION = YES_AGGRESSIVE;
				CLANG_CXX_LANGUAGE_STANDARD = "gnu++14";
				CLANG_CXX_LIBRARY = "libc++";
				CLANG_ENABLE_MODULES = YES;
				CLANG_ENABLE_OBJC_ARC = YES;
				CLANG_WARN_BLOCK_CAPTURE_AUTORELEASING = YES;
				CLANG_WARN_BOOL_CONVERSION = YES;
				CLANG_WARN_COMMA = YES;
				CLANG_WARN_CONSTANT_CONVERSION = YES;
				CLANG_WARN_DIRECT_OBJC_ISA_USAGE = YES_ERROR;
				CLANG_WARN_DOCUMENTATION_COMMENTS = YES;
				CLANG_WARN_EMPTY_BODY = YES;
				CLANG_WARN_ENUM_CONVERSION = YES;
				CLANG_WARN_INFINITE_RECURSION = YES;
				CLANG_WARN_INT_CONVERSION = YES;
				CLANG_WARN_NON_LITERAL_NULL_CONVERSION = YES;
				CLANG_WARN_OBJC_LITERAL_CONVERSION = YES;
				CLANG_WARN_OBJC_ROOT_CLASS = YES_ERROR;
				CLANG_WARN_RANGE_LOOP_ANALYSIS = YES;
				CLANG_WARN_STRICT_PROTOTYPES = YES;
				CLANG_WARN_SUSPICIOUS_MOVE = YES;
				CLANG_WARN_UNGUARDED_AVAILABILITY = YES_AGGRESSIVE;
				CLANG_WARN_UNREACHABLE_CODE = YES;
				CLANG_WARN__DUPLICATE_METHOD_MATCH = YES;
				CODE_SIGN_IDENTITY = "iPhone Developer";
				COPY_PHASE_STRIP = NO;
				DEBUG_INFORMATION_FORMAT = "dwarf-with-dsym";
				ENABLE_NS_ASSERTIONS = NO;
				ENABLE_STRICT_OBJC_MSGSEND = YES;
				GCC_C_LANGUAGE_STANDARD = gnu11;
				GCC_NO_COMMON_BLOCKS = YES;
				GCC_WARN_64_TO_32_BIT_CONVERSION = YES;
				GCC_WARN_ABOUT_RETURN_TYPE = YES_ERROR;
				GCC_WARN_UNDECLARED_SELECTOR = YES;
				GCC_WARN_UNINITIALIZED_AUTOS = YES_AGGRESSIVE;
				GCC_WARN_UNUSED_FUNCTION = YES;
				GCC_WARN_UNUSED_VARIABLE = YES;
				IPHONEOS_DEPLOYMENT_TARGET = 11.2;
				MTL_ENABLE_DEBUG_INFO = NO;
				SDKROOT = iphoneos;
				SWIFT_OPTIMIZATION_LEVEL = "-Owholemodule";
				VALIDATE_PRODUCT = YES;
			};
			name = Release;
		};
		ADD93FB3206C97A00080C1BD /* Debug */ = {
			isa = XCBuildConfiguration;
			buildSettings = {
				ASSETCATALOG_COMPILER_APPICON_NAME = AppIcon;
				CODE_SIGN_STYLE = Automatic;
				INFOPLIST_FILE = iOSAppPractice/Info.plist;
				IPHONEOS_DEPLOYMENT_TARGET = 10.0;
				LD_RUNPATH_SEARCH_PATHS = "$(inherited) @executable_path/Frameworks";
				PRODUCT_BUNDLE_IDENTIFIER = Carter.iOSAppPractice;
				PRODUCT_NAME = "$(TARGET_NAME)";
				SWIFT_VERSION = 4.0;
				TARGETED_DEVICE_FAMILY = "1,2";
			};
			name = Debug;
		};
		ADD93FB4206C97A00080C1BD /* Release */ = {
			isa = XCBuildConfiguration;
			buildSettings = {
				ASSETCATALOG_COMPILER_APPICON_NAME = AppIcon;
				CODE_SIGN_STYLE = Automatic;
				INFOPLIST_FILE = iOSAppPractice/Info.plist;
				IPHONEOS_DEPLOYMENT_TARGET = 10.0;
				LD_RUNPATH_SEARCH_PATHS = "$(inherited) @executable_path/Frameworks";
				PRODUCT_BUNDLE_IDENTIFIER = Carter.iOSAppPractice;
				PRODUCT_NAME = "$(TARGET_NAME)";
				SWIFT_VERSION = 4.0;
				TARGETED_DEVICE_FAMILY = "1,2";
			};
			name = Release;
		};
/* End XCBuildConfiguration section */

/* Begin XCConfigurationList section */
		ADD93F9B206C97A00080C1BD /* Build configuration list for PBXProject "iOSAppPractice" */ = {
			isa = XCConfigurationList;
			buildConfigurations = (
				ADD93FB0206C97A00080C1BD /* Debug */,
				ADD93FB1206C97A00080C1BD /* Release */,
			);
			defaultConfigurationIsVisible = 0;
			defaultConfigurationName = Release;
		};
		ADD93FB2206C97A00080C1BD /* Build configuration list for PBXNativeTarget "iOSAppPractice" */ = {
			isa = XCConfigurationList;
			buildConfigurations = (
				ADD93FB3206C97A00080C1BD /* Debug */,
				ADD93FB4206C97A00080C1BD /* Release */,
			);
			defaultConfigurationIsVisible = 0;
			defaultConfigurationName = Release;
		};
/* End XCConfigurationList section */
	};
	rootObject = ADD93F98206C97A00080C1BD /* Project object */;
}
